
Microsoft Visual Studio Solution File, Format Version 12.00
# Visual Studio 15
VisualStudioVersion = 15.0.26228.9
MinimumVisualStudioVersion = 10.0.40219.1
Project("{FAE04EC0-301F-11D3-BF4B-00C04F79EFBC}") = "text_editor", "text_editor\text_editor.csproj", "{AD7E3A8D-1F90-4417-B9A2-A7DA58BFDA30}"
EndProject
Project("{FAE04EC0-301F-11D3-BF4B-00C04F79EFBC}") = "TextEditor.Core", "TextEditor.Core\TextEditor.Core.csproj", "{ADB3B29A-D0EE-427A-BD84-B4EE43EC22EC}"
EndProject
Global
	GlobalSection(SolutionConfigurationPlatforms) = preSolution
		Debug|Any CPU = Debug|Any CPU
		Release|Any CPU = Release|Any CPU
	EndGlobalSection
	GlobalSection(ProjectConfigurationPlatforms) = postSolution
		{AD7E3A8D-1F90-4417-B9A2-A7DA58BFDA30}.Debug|Any CPU.ActiveCfg = Debug|Any CPU
		{AD7E3A8D-1F90-4417-B9A2-A7DA58BFDA30}.Debug|Any CPU.Build.0 = Debug|Any CPU
		{AD7E3A8D-1F90-4417-B9A2-A7DA58BFDA30}.Release|Any CPU.ActiveCfg = Release|Any CPU
		{AD7E3A8D-1F90-4417-B9A2-A7DA58BFDA30}.Release|Any CPU.Build.0 = Release|Any CPU
		{ADB3B29A-D0EE-427A-BD84-B4EE43EC22EC}.Debug|Any CPU.ActiveCfg = Debug|Any CPU
		{ADB3B29A-D0EE-427A-BD84-B4EE43EC22EC}.Debug|Any CPU.Build.0 = Debug|Any CPU
		{ADB3B29A-D0EE-427A-BD84-B4EE43EC22EC}.Release|Any CPU.ActiveCfg = Release|Any CPU
		{ADB3B29A-D0EE-427A-BD84-B4EE43EC22EC}.Release|Any CPU.Build.0 = Release|Any CPU
	EndGlobalSection
	GlobalSection(SolutionProperties) = preSolution
		HideSolutionNode = FALSE
	EndGlobalSection
EndGlobal
